// !$*UTF8*$!
{
	archiveVersion = 1;
	classes = {
	};
	objectVersion = 56;
	objects = {

/* Begin PBXBuildFile section */
		FD53DB0D2BA178E6008CA504 /* LeadViewModel.swift in Sources */ = {isa = PBXBuildFile; fileRef = FD53DB0C2BA178E6008CA504 /* LeadViewModel.swift */; };
		FD9CACFD2B9330F400AD3A9C /* OnboardingView.swift in Sources */ = {isa = PBXBuildFile; fileRef = FD9CACFC2B9330F400AD3A9C /* OnboardingView.swift */; };
		FDB75C692B932F590076BB23 /* HomeView.swift in Sources */ = {isa = PBXBuildFile; fileRef = FDB75C682B932F590076BB23 /* HomeView.swift */; };
		FDB75C6B2B932FE10076BB23 /* DailyQuestsView.swift in Sources */ = {isa = PBXBuildFile; fileRef = FDB75C6A2B932FE10076BB23 /* DailyQuestsView.swift */; };
		FDB75C6D2B932FE70076BB23 /* LeaderboardView.swift in Sources */ = {isa = PBXBuildFile; fileRef = FDB75C6C2B932FE70076BB23 /* LeaderboardView.swift */; };
		FDB75C6F2B932FEB0076BB23 /* WorkoutLogView.swift in Sources */ = {isa = PBXBuildFile; fileRef = FDB75C6E2B932FEB0076BB23 /* WorkoutLogView.swift */; };
		FDDB39102B92AF710067961C /* QuestFitApp.swift in Sources */ = {isa = PBXBuildFile; fileRef = FDDB390F2B92AF710067961C /* QuestFitApp.swift */; };
		FDDB39122B92AF710067961C /* ContentView.swift in Sources */ = {isa = PBXBuildFile; fileRef = FDDB39112B92AF710067961C /* ContentView.swift */; };
		FDDB39142B92AF720067961C /* Assets.xcassets in Resources */ = {isa = PBXBuildFile; fileRef = FDDB39132B92AF720067961C /* Assets.xcassets */; };
		FDDB39172B92AF720067961C /* Preview Assets.xcassets in Resources */ = {isa = PBXBuildFile; fileRef = FDDB39162B92AF720067961C /* Preview Assets.xcassets */; };
		FDDB39262B92B2F10067961C /* LoginView.swift in Sources */ = {isa = PBXBuildFile; fileRef = FDDB39252B92B2F10067961C /* LoginView.swift */; };
		FDDB39282B92B3050067961C /* RegistrationView.swift in Sources */ = {isa = PBXBuildFile; fileRef = FDDB39272B92B3050067961C /* RegistrationView.swift */; };
		FDDB392A2B92B3280067961C /* AuthViewModel.swift in Sources */ = {isa = PBXBuildFile; fileRef = FDDB39292B92B3280067961C /* AuthViewModel.swift */; };
		FDDB392C2B92B33A0067961C /* ProfileView.swift in Sources */ = {isa = PBXBuildFile; fileRef = FDDB392B2B92B33A0067961C /* ProfileView.swift */; };
		FDDB392E2B92B3470067961C /* User.swift in Sources */ = {isa = PBXBuildFile; fileRef = FDDB392D2B92B3470067961C /* User.swift */; };
		FDDB39302B92B3550067961C /* InputView.swift in Sources */ = {isa = PBXBuildFile; fileRef = FDDB392F2B92B3550067961C /* InputView.swift */; };
		FDDB39322B92B3620067961C /* SettingsRowView.swift in Sources */ = {isa = PBXBuildFile; fileRef = FDDB39312B92B3620067961C /* SettingsRowView.swift */; };
		FDDB394B2B92B5950067961C /* FirebaseAuth in Frameworks */ = {isa = PBXBuildFile; productRef = FDDB394A2B92B5950067961C /* FirebaseAuth */; };
		FDDB394D2B92B59D0067961C /* FirebaseFirestore in Frameworks */ = {isa = PBXBuildFile; productRef = FDDB394C2B92B59D0067961C /* FirebaseFirestore */; };
		FDDB394F2B92B5B40067961C /* FirebaseFirestoreSwift in Frameworks */ = {isa = PBXBuildFile; productRef = FDDB394E2B92B5B40067961C /* FirebaseFirestoreSwift */; };
		FDDB39552B92BA370067961C /* GoogleService-Info.plist in Resources */ = {isa = PBXBuildFile; fileRef = FDDB39542B92BA370067961C /* GoogleService-Info.plist */; };
		FDE3EA932B9C3F3900A8D9EE /* Leaderboard.swift in Sources */ = {isa = PBXBuildFile; fileRef = FDE3EA922B9C3F3900A8D9EE /* Leaderboard.swift */; };
/* End PBXBuildFile section */

/* Begin PBXFileReference section */
		FD53DB0C2BA178E6008CA504 /* LeadViewModel.swift */ = {isa = PBXFileReference; fileEncoding = 4; lastKnownFileType = sourcecode.swift; path = LeadViewModel.swift; sourceTree = "<group>"; };
		FD9CACFC2B9330F400AD3A9C /* OnboardingView.swift */ = {isa = PBXFileReference; fileEncoding = 4; lastKnownFileType = sourcecode.swift; path = OnboardingView.swift; sourceTree = "<group>"; };
		FDB75C682B932F590076BB23 /* HomeView.swift */ = {isa = PBXFileReference; fileEncoding = 4; lastKnownFileType = sourcecode.swift; path = HomeView.swift; sourceTree = "<group>"; };
		FDB75C6A2B932FE10076BB23 /* DailyQuestsView.swift */ = {isa = PBXFileReference; fileEncoding = 4; lastKnownFileType = sourcecode.swift; path = DailyQuestsView.swift; sourceTree = "<group>"; };
		FDB75C6C2B932FE70076BB23 /* LeaderboardView.swift */ = {isa = PBXFileReference; fileEncoding = 4; lastKnownFileType = sourcecode.swift; path = LeaderboardView.swift; sourceTree = "<group>"; };
		FDB75C6E2B932FEB0076BB23 /* WorkoutLogView.swift */ = {isa = PBXFileReference; fileEncoding = 4; lastKnownFileType = sourcecode.swift; path = WorkoutLogView.swift; sourceTree = "<group>"; };
		FDDB390C2B92AF710067961C /* QuestFit.app */ = {isa = PBXFileReference; explicitFileType = wrapper.application; includeInIndex = 0; path = QuestFit.app; sourceTree = BUILT_PRODUCTS_DIR; };
		FDDB390F2B92AF710067961C /* QuestFitApp.swift */ = {isa = PBXFileReference; lastKnownFileType = sourcecode.swift; path = QuestFitApp.swift; sourceTree = "<group>"; };
		FDDB39112B92AF710067961C /* ContentView.swift */ = {isa = PBXFileReference; lastKnownFileType = sourcecode.swift; path = ContentView.swift; sourceTree = "<group>"; };
		FDDB39132B92AF720067961C /* Assets.xcassets */ = {isa = PBXFileReference; lastKnownFileType = folder.assetcatalog; path = Assets.xcassets; sourceTree = "<group>"; };
		FDDB39162B92AF720067961C /* Preview Assets.xcassets */ = {isa = PBXFileReference; lastKnownFileType = folder.assetcatalog; path = "Preview Assets.xcassets"; sourceTree = "<group>"; };
		FDDB39252B92B2F10067961C /* LoginView.swift */ = {isa = PBXFileReference; lastKnownFileType = sourcecode.swift; path = LoginView.swift; sourceTree = "<group>"; };
		FDDB39272B92B3050067961C /* RegistrationView.swift */ = {isa = PBXFileReference; lastKnownFileType = sourcecode.swift; path = RegistrationView.swift; sourceTree = "<group>"; };
		FDDB39292B92B3280067961C /* AuthViewModel.swift */ = {isa = PBXFileReference; lastKnownFileType = sourcecode.swift; path = AuthViewModel.swift; sourceTree = "<group>"; };
		FDDB392B2B92B33A0067961C /* ProfileView.swift */ = {isa = PBXFileReference; lastKnownFileType = sourcecode.swift; path = ProfileView.swift; sourceTree = "<group>"; };
		FDDB392D2B92B3470067961C /* User.swift */ = {isa = PBXFileReference; lastKnownFileType = sourcecode.swift; path = User.swift; sourceTree = "<group>"; };
		FDDB392F2B92B3550067961C /* InputView.swift */ = {isa = PBXFileReference; lastKnownFileType = sourcecode.swift; path = InputView.swift; sourceTree = "<group>"; };
		FDDB39312B92B3620067961C /* SettingsRowView.swift */ = {isa = PBXFileReference; lastKnownFileType = sourcecode.swift; path = SettingsRowView.swift; sourceTree = "<group>"; };
		FDDB39542B92BA370067961C /* GoogleService-Info.plist */ = {isa = PBXFileReference; fileEncoding = 4; lastKnownFileType = text.plist.xml; path = "GoogleService-Info.plist"; sourceTree = "<group>"; };
		FDE3EA922B9C3F3900A8D9EE /* Leaderboard.swift */ = {isa = PBXFileReference; lastKnownFileType = sourcecode.swift; path = Leaderboard.swift; sourceTree = "<group>"; };
/* End PBXFileReference section */

/* Begin PBXFrameworksBuildPhase section */
		FDDB39092B92AF710067961C /* Frameworks */ = {
			isa = PBXFrameworksBuildPhase;
			buildActionMask = 2147483647;
			files = (
				FDDB394B2B92B5950067961C /* FirebaseAuth in Frameworks */,
				FDDB394D2B92B59D0067961C /* FirebaseFirestore in Frameworks */,
				FDDB394F2B92B5B40067961C /* FirebaseFirestoreSwift in Frameworks */,
			);
			runOnlyForDeploymentPostprocessing = 0;
		};
/* End PBXFrameworksBuildPhase section */

/* Begin PBXGroup section */
		FDB75C662B932EF70076BB23 /* HomePage */ = {
			isa = PBXGroup;
			children = (
				FDE3EA8D2B9C3BAA00A8D9EE /* LeaderboardViewModel */,
				FDB75C682B932F590076BB23 /* HomeView.swift */,
				FDB75C672B932F2D0076BB23 /* TabViews */,
			);
			path = HomePage;
			sourceTree = "<group>";
		};
		FDB75C672B932F2D0076BB23 /* TabViews */ = {
			isa = PBXGroup;
			children = (
				FDB75C6E2B932FEB0076BB23 /* WorkoutLogView.swift */,
				FDB75C6C2B932FE70076BB23 /* LeaderboardView.swift */,
				FDB75C6A2B932FE10076BB23 /* DailyQuestsView.swift */,
			);
			path = TabViews;
			sourceTree = "<group>";
		};
		FDDB39032B92AF710067961C = {
			isa = PBXGroup;
			children = (
				FDDB390E2B92AF710067961C /* QuestFit */,
				FDDB390D2B92AF710067961C /* Products */,
				FDDB39492B92B5950067961C /* Frameworks */,
			);
			sourceTree = "<group>";
		};
		FDDB390D2B92AF710067961C /* Products */ = {
			isa = PBXGroup;
			children = (
				FDDB390C2B92AF710067961C /* QuestFit.app */,
			);
			name = Products;
			sourceTree = "<group>";
		};
		FDDB390E2B92AF710067961C /* QuestFit */ = {
			isa = PBXGroup;
			children = (
				FDDB391D2B92B2160067961C /* App */,
				FDDB393E2B92B4CF0067961C /* LoginFlow */,
				FDB75C662B932EF70076BB23 /* HomePage */,
				FDDB39132B92AF720067961C /* Assets.xcassets */,
				FDDB39152B92AF720067961C /* Preview Content */,
			);
			path = QuestFit;
			sourceTree = "<group>";
		};
		FDDB39152B92AF720067961C /* Preview Content */ = {
			isa = PBXGroup;
			children = (
				FDDB39542B92BA370067961C /* GoogleService-Info.plist */,
				FDDB39162B92AF720067961C /* Preview Assets.xcassets */,
			);
			path = "Preview Content";
			sourceTree = "<group>";
		};
		FDDB391D2B92B2160067961C /* App */ = {
			isa = PBXGroup;
			children = (
				FDDB390F2B92AF710067961C /* QuestFitApp.swift */,
				FDDB39232B92B2A20067961C /* Origin */,
			);
			path = App;
			sourceTree = "<group>";
		};
		FDDB391E2B92B22E0067961C /* ReusableViews */ = {
			isa = PBXGroup;
			children = (
				FDDB392F2B92B3550067961C /* InputView.swift */,
				FDDB39312B92B3620067961C /* SettingsRowView.swift */,
			);
			path = ReusableViews;
			sourceTree = "<group>";
		};
		FDDB391F2B92B2480067961C /* Authentication */ = {
			isa = PBXGroup;
			children = (
				FDDB39202B92B2770067961C /* View */,
				FDDB39212B92B27D0067961C /* ViewModel */,
				FDDB391E2B92B22E0067961C /* ReusableViews */,
			);
			path = Authentication;
			sourceTree = "<group>";
		};
		FDDB39202B92B2770067961C /* View */ = {
			isa = PBXGroup;
			children = (
				FDDB39252B92B2F10067961C /* LoginView.swift */,
				FDDB39272B92B3050067961C /* RegistrationView.swift */,
			);
			path = View;
			sourceTree = "<group>";
		};
		FDDB39212B92B27D0067961C /* ViewModel */ = {
			isa = PBXGroup;
			children = (
				FDDB39292B92B3280067961C /* AuthViewModel.swift */,
			);
			path = ViewModel;
			sourceTree = "<group>";
		};
		FDDB39222B92B2940067961C /* Profile */ = {
			isa = PBXGroup;
			children = (
				FDDB392B2B92B33A0067961C /* ProfileView.swift */,
			);
			path = Profile;
			sourceTree = "<group>";
		};
		FDDB39232B92B2A20067961C /* Origin */ = {
			isa = PBXGroup;
			children = (
				FDDB39112B92AF710067961C /* ContentView.swift */,
				FD9CACFC2B9330F400AD3A9C /* OnboardingView.swift */,
			);
			path = Origin;
			sourceTree = "<group>";
		};
		FDDB39242B92B2B30067961C /* UserModel */ = {
			isa = PBXGroup;
			children = (
				FDDB392D2B92B3470067961C /* User.swift */,
			);
			path = UserModel;
			sourceTree = "<group>";
		};
		FDDB393E2B92B4CF0067961C /* LoginFlow */ = {
			isa = PBXGroup;
			children = (
				FDDB391F2B92B2480067961C /* Authentication */,
				FDDB39222B92B2940067961C /* Profile */,
				FDDB39242B92B2B30067961C /* UserModel */,
			);
			path = LoginFlow;
			sourceTree = "<group>";
		};
		FDDB39492B92B5950067961C /* Frameworks */ = {
			isa = PBXGroup;
			children = (
			);
			name = Frameworks;
			sourceTree = "<group>";
		};
		FDE3EA8D2B9C3BAA00A8D9EE /* LeaderboardViewModel */ = {
			isa = PBXGroup;
			children = (
				FD53DB0C2BA178E6008CA504 /* LeadViewModel.swift */,
				FDE3EA922B9C3F3900A8D9EE /* Leaderboard.swift */,
			);
			path = LeaderboardViewModel;
			sourceTree = "<group>";
		};
/* End PBXGroup section */

/* Begin PBXNativeTarget section */
		FDDB390B2B92AF710067961C /* QuestFit */ = {
			isa = PBXNativeTarget;
			buildConfigurationList = FDDB391A2B92AF720067961C /* Build configuration list for PBXNativeTarget "QuestFit" */;
			buildPhases = (
				FDDB39082B92AF710067961C /* Sources */,
				FDDB39092B92AF710067961C /* Frameworks */,
				FDDB390A2B92AF710067961C /* Resources */,
			);
			buildRules = (
			);
			dependencies = (
			);
			name = QuestFit;
			packageProductDependencies = (
				FDDB394A2B92B5950067961C /* FirebaseAuth */,
				FDDB394C2B92B59D0067961C /* FirebaseFirestore */,
				FDDB394E2B92B5B40067961C /* FirebaseFirestoreSwift */,
			);
			productName = QuestFit;
			productReference = FDDB390C2B92AF710067961C /* QuestFit.app */;
			productType = "com.apple.product-type.application";
		};
/* End PBXNativeTarget section */

/* Begin PBXProject section */
		FDDB39042B92AF710067961C /* Project object */ = {
			isa = PBXProject;
			attributes = {
				BuildIndependentTargetsInParallel = 1;
				LastSwiftUpdateCheck = 1520;
				LastUpgradeCheck = 1520;
				TargetAttributes = {
					FDDB390B2B92AF710067961C = {
						CreatedOnToolsVersion = 15.2;
					};
				};
			};
			buildConfigurationList = FDDB39072B92AF710067961C /* Build configuration list for PBXProject "QuestFit" */;
			compatibilityVersion = "Xcode 14.0";
			developmentRegion = en;
			hasScannedForEncodings = 0;
			knownRegions = (
				en,
				Base,
			);
			mainGroup = FDDB39032B92AF710067961C;
			packageReferences = (
				FDDB39332B92B47E0067961C /* XCRemoteSwiftPackageReference "firebase-ios-sdk" */,
			);
			productRefGroup = FDDB390D2B92AF710067961C /* Products */;
			projectDirPath = "";
			projectRoot = "";
			targets = (
				FDDB390B2B92AF710067961C /* QuestFit */,
			);
		};
/* End PBXProject section */

/* Begin PBXResourcesBuildPhase section */
		FDDB390A2B92AF710067961C /* Resources */ = {
			isa = PBXResourcesBuildPhase;
			buildActionMask = 2147483647;
			files = (
				FDDB39172B92AF720067961C /* Preview Assets.xcassets in Resources */,
				FDDB39142B92AF720067961C /* Assets.xcassets in Resources */,
				FDDB39552B92BA370067961C /* GoogleService-Info.plist in Resources */,
			);
			runOnlyForDeploymentPostprocessing = 0;
		};
/* End PBXResourcesBuildPhase section */

/* Begin PBXSourcesBuildPhase section */
		FDDB39082B92AF710067961C /* Sources */ = {
			isa = PBXSourcesBuildPhase;
			buildActionMask = 2147483647;
			files = (
				FD53DB0D2BA178E6008CA504 /* LeadViewModel.swift in Sources */,
				FDDB392A2B92B3280067961C /* AuthViewModel.swift in Sources */,
				FDDB39262B92B2F10067961C /* LoginView.swift in Sources */,
				FDDB39122B92AF710067961C /* ContentView.swift in Sources */,
				FDB75C6F2B932FEB0076BB23 /* WorkoutLogView.swift in Sources */,
				FDE3EA932B9C3F3900A8D9EE /* Leaderboard.swift in Sources */,
				FDB75C692B932F590076BB23 /* HomeView.swift in Sources */,
				FDB75C6D2B932FE70076BB23 /* LeaderboardView.swift in Sources */,
				FDDB39102B92AF710067961C /* QuestFitApp.swift in Sources */,
				FDDB392C2B92B33A0067961C /* ProfileView.swift in Sources */,
				FDDB39302B92B3550067961C /* InputView.swift in Sources */,
				FDDB39282B92B3050067961C /* RegistrationView.swift in Sources */,
				FDDB392E2B92B3470067961C /* User.swift in Sources */,
				FDDB39322B92B3620067961C /* SettingsRowView.swift in Sources */,
				FDB75C6B2B932FE10076BB23 /* DailyQuestsView.swift in Sources */,
				FD9CACFD2B9330F400AD3A9C /* OnboardingView.swift in Sources */,
			);
			runOnlyForDeploymentPostprocessing = 0;
		};
/* End PBXSourcesBuildPhase section */

/* Begin XCBuildConfiguration section */
		FDDB39182B92AF720067961C /* Debug */ = {
			isa = XCBuildConfiguration;
			buildSettings = {
				ALWAYS_SEARCH_USER_PATHS = NO;
				ASSETCATALOG_COMPILER_GENERATE_SWIFT_ASSET_SYMBOL_EXTENSIONS = YES;
				CLANG_ANALYZER_NONNULL = YES;
				CLANG_ANALYZER_NUMBER_OBJECT_CONVERSION = YES_AGGRESSIVE;
				CLANG_CXX_LANGUAGE_STANDARD = "gnu++20";
				CLANG_ENABLE_MODULES = YES;
				CLANG_ENABLE_OBJC_ARC = YES;
				CLANG_ENABLE_OBJC_WEAK = YES;
				CLANG_WARN_BLOCK_CAPTURE_AUTORELEASING = YES;
				CLANG_WARN_BOOL_CONVERSION = YES;
				CLANG_WARN_COMMA = YES;
				CLANG_WARN_CONSTANT_CONVERSION = YES;
				CLANG_WARN_DEPRECATED_OBJC_IMPLEMENTATIONS = YES;
				CLANG_WARN_DIRECT_OBJC_ISA_USAGE = YES_ERROR;
				CLANG_WARN_DOCUMENTATION_COMMENTS = YES;
				CLANG_WARN_EMPTY_BODY = YES;
				CLANG_WARN_ENUM_CONVERSION = YES;
				CLANG_WARN_INFINITE_RECURSION = YES;
				CLANG_WARN_INT_CONVERSION = YES;
				CLANG_WARN_NON_LITERAL_NULL_CONVERSION = YES;
				CLANG_WARN_OBJC_IMPLICIT_RETAIN_SELF = YES;
				CLANG_WARN_OBJC_LITERAL_CONVERSION = YES;
				CLANG_WARN_OBJC_ROOT_CLASS = YES_ERROR;
				CLANG_WARN_QUOTED_INCLUDE_IN_FRAMEWORK_HEADER = YES;
				CLANG_WARN_RANGE_LOOP_ANALYSIS = YES;
				CLANG_WARN_STRICT_PROTOTYPES = YES;
				CLANG_WARN_SUSPICIOUS_MOVE = YES;
				CLANG_WARN_UNGUARDED_AVAILABILITY = YES_AGGRESSIVE;
				CLANG_WARN_UNREACHABLE_CODE = YES;
				CLANG_WARN__DUPLICATE_METHOD_MATCH = YES;
				COPY_PHASE_STRIP = NO;
				DEBUG_INFORMATION_FORMAT = dwarf;
				ENABLE_STRICT_OBJC_MSGSEND = YES;
				ENABLE_TESTABILITY = YES;
				ENABLE_USER_SCRIPT_SANDBOXING = YES;
				GCC_C_LANGUAGE_STANDARD = gnu17;
				GCC_DYNAMIC_NO_PIC = NO;
				GCC_NO_COMMON_BLOCKS = YES;
				GCC_OPTIMIZATION_LEVEL = 0;
				GCC_PREPROCESSOR_DEFINITIONS = (
					"DEBUG=1",
					"$(inherited)",
				);
				GCC_WARN_64_TO_32_BIT_CONVERSION = YES;
				GCC_WARN_ABOUT_RETURN_TYPE = YES_ERROR;
				GCC_WARN_UNDECLARED_SELECTOR = YES;
				GCC_WARN_UNINITIALIZED_AUTOS = YES_AGGRESSIVE;
				GCC_WARN_UNUSED_FUNCTION = YES;
				GCC_WARN_UNUSED_VARIABLE = YES;
				IPHONEOS_DEPLOYMENT_TARGET = 17.2;
				LOCALIZATION_PREFERS_STRING_CATALOGS = YES;
				MTL_ENABLE_DEBUG_INFO = INCLUDE_SOURCE;
				MTL_FAST_MATH = YES;
				ONLY_ACTIVE_ARCH = YES;
				SDKROOT = iphoneos;
				SWIFT_ACTIVE_COMPILATION_CONDITIONS = "DEBUG $(inherited)";
				SWIFT_OPTIMIZATION_LEVEL = "-Onone";
			};
			name = Debug;
		};
		FDDB39192B92AF720067961C /* Release */ = {
			isa = XCBuildConfiguration;
			buildSettings = {
				ALWAYS_SEARCH_USER_PATHS = NO;
				ASSETCATALOG_COMPILER_GENERATE_SWIFT_ASSET_SYMBOL_EXTENSIONS = YES;
				CLANG_ANALYZER_NONNULL = YES;
				CLANG_ANALYZER_NUMBER_OBJECT_CONVERSION = YES_AGGRESSIVE;
				CLANG_CXX_LANGUAGE_STANDARD = "gnu++20";
				CLANG_ENABLE_MODULES = YES;
				CLANG_ENABLE_OBJC_ARC = YES;
				CLANG_ENABLE_OBJC_WEAK = YES;
				CLANG_WARN_BLOCK_CAPTURE_AUTORELEASING = YES;
				CLANG_WARN_BOOL_CONVERSION = YES;
				CLANG_WARN_COMMA = YES;
				CLANG_WARN_CONSTANT_CONVERSION = YES;
				CLANG_WARN_DEPRECATED_OBJC_IMPLEMENTATIONS = YES;
				CLANG_WARN_DIRECT_OBJC_ISA_USAGE = YES_ERROR;
				CLANG_WARN_DOCUMENTATION_COMMENTS = YES;
				CLANG_WARN_EMPTY_BODY = YES;
				CLANG_WARN_ENUM_CONVERSION = YES;
				CLANG_WARN_INFINITE_RECURSION = YES;
				CLANG_WARN_INT_CONVERSION = YES;
				CLANG_WARN_NON_LITERAL_NULL_CONVERSION = YES;
				CLANG_WARN_OBJC_IMPLICIT_RETAIN_SELF = YES;
				CLANG_WARN_OBJC_LITERAL_CONVERSION = YES;
				CLANG_WARN_OBJC_ROOT_CLASS = YES_ERROR;
				CLANG_WARN_QUOTED_INCLUDE_IN_FRAMEWORK_HEADER = YES;
				CLANG_WARN_RANGE_LOOP_ANALYSIS = YES;
				CLANG_WARN_STRICT_PROTOTYPES = YES;
				CLANG_WARN_SUSPICIOUS_MOVE = YES;
				CLANG_WARN_UNGUARDED_AVAILABILITY = YES_AGGRESSIVE;
				CLANG_WARN_UNREACHABLE_CODE = YES;
				CLANG_WARN__DUPLICATE_METHOD_MATCH = YES;
				COPY_PHASE_STRIP = NO;
				DEBUG_INFORMATION_FORMAT = "dwarf-with-dsym";
				ENABLE_NS_ASSERTIONS = NO;
				ENABLE_STRICT_OBJC_MSGSEND = YES;
				ENABLE_USER_SCRIPT_SANDBOXING = YES;
				GCC_C_LANGUAGE_STANDARD = gnu17;
				GCC_NO_COMMON_BLOCKS = YES;
				GCC_WARN_64_TO_32_BIT_CONVERSION = YES;
				GCC_WARN_ABOUT_RETURN_TYPE = YES_ERROR;
				GCC_WARN_UNDECLARED_SELECTOR = YES;
				GCC_WARN_UNINITIALIZED_AUTOS = YES_AGGRESSIVE;
				GCC_WARN_UNUSED_FUNCTION = YES;
				GCC_WARN_UNUSED_VARIABLE = YES;
				IPHONEOS_DEPLOYMENT_TARGET = 17.2;
				LOCALIZATION_PREFERS_STRING_CATALOGS = YES;
				MTL_ENABLE_DEBUG_INFO = NO;
				MTL_FAST_MATH = YES;
				SDKROOT = iphoneos;
				SWIFT_COMPILATION_MODE = wholemodule;
				VALIDATE_PRODUCT = YES;
			};
			name = Release;
		};
		FDDB391B2B92AF720067961C /* Debug */ = {
			isa = XCBuildConfiguration;
			buildSettings = {
				ASSETCATALOG_COMPILER_APPICON_NAME = AppIcon;
				ASSETCATALOG_COMPILER_GLOBAL_ACCENT_COLOR_NAME = AccentColor;
				CODE_SIGN_STYLE = Automatic;
				CURRENT_PROJECT_VERSION = 1;
				DEVELOPMENT_ASSET_PATHS = "\"QuestFit/Preview Content\"";
				DEVELOPMENT_TEAM = GL8CPLM8H8;
				ENABLE_PREVIEWS = YES;
				GENERATE_INFOPLIST_FILE = YES;
				INFOPLIST_KEY_UIApplicationSceneManifest_Generation = YES;
				INFOPLIST_KEY_UIApplicationSupportsIndirectInputEvents = YES;
				INFOPLIST_KEY_UILaunchScreen_Generation = YES;
				INFOPLIST_KEY_UISupportedInterfaceOrientations_iPad = "UIInterfaceOrientationPortrait UIInterfaceOrientationPortraitUpsideDown UIInterfaceOrientationLandscapeLeft UIInterfaceOrientationLandscapeRight";
				INFOPLIST_KEY_UISupportedInterfaceOrientations_iPhone = "UIInterfaceOrientationPortrait UIInterfaceOrientationLandscapeLeft UIInterfaceOrientationLandscapeRight";
				LD_RUNPATH_SEARCH_PATHS = (
					"$(inherited)",
					"@executable_path/Frameworks",
				);
				MARKETING_VERSION = 1.0;
				PRODUCT_BUNDLE_IDENTIFIER = com.miggyb.QuestFit;
				PRODUCT_NAME = "$(TARGET_NAME)";
				SWIFT_EMIT_LOC_STRINGS = YES;
				SWIFT_VERSION = 5.0;
				TARGETED_DEVICE_FAMILY = "1,2";
			};
			name = Debug;
		};
		FDDB391C2B92AF720067961C /* Release */ = {
			isa = XCBuildConfiguration;
			buildSettings = {
				ASSETCATALOG_COMPILER_APPICON_NAME = AppIcon;
				ASSETCATALOG_COMPILER_GLOBAL_ACCENT_COLOR_NAME = AccentColor;
				CODE_SIGN_STYLE = Automatic;
				CURRENT_PROJECT_VERSION = 1;
				DEVELOPMENT_ASSET_PATHS = "\"QuestFit/Preview Content\"";
				DEVELOPMENT_TEAM = GL8CPLM8H8;
				ENABLE_PREVIEWS = YES;
				GENERATE_INFOPLIST_FILE = YES;
				INFOPLIST_KEY_UIApplicationSceneManifest_Generation = YES;
				INFOPLIST_KEY_UIApplicationSupportsIndirectInputEvents = YES;
				INFOPLIST_KEY_UILaunchScreen_Generation = YES;
				INFOPLIST_KEY_UISupportedInterfaceOrientations_iPad = "UIInterfaceOrientationPortrait UIInterfaceOrientationPortraitUpsideDown UIInterfaceOrientationLandscapeLeft UIInterfaceOrientationLandscapeRight";
				INFOPLIST_KEY_UISupportedInterfaceOrientations_iPhone = "UIInterfaceOrientationPortrait UIInterfaceOrientationLandscapeLeft UIInterfaceOrientationLandscapeRight";
				LD_RUNPATH_SEARCH_PATHS = (
					"$(inherited)",
					"@executable_path/Frameworks",
				);
				MARKETING_VERSION = 1.0;
				PRODUCT_BUNDLE_IDENTIFIER = com.miggyb.QuestFit;
				PRODUCT_NAME = "$(TARGET_NAME)";
				SWIFT_EMIT_LOC_STRINGS = YES;
				SWIFT_VERSION = 5.0;
				TARGETED_DEVICE_FAMILY = "1,2";
			};
			name = Release;
		};
/* End XCBuildConfiguration section */

/* Begin XCConfigurationList section */
		FDDB39072B92AF710067961C /* Build configuration list for PBXProject "QuestFit" */ = {
			isa = XCConfigurationList;
			buildConfigurations = (
				FDDB39182B92AF720067961C /* Debug */,
				FDDB39192B92AF720067961C /* Release */,
			);
			defaultConfigurationIsVisible = 0;
			defaultConfigurationName = Release;
		};
		FDDB391A2B92AF720067961C /* Build configuration list for PBXNativeTarget "QuestFit" */ = {
			isa = XCConfigurationList;
			buildConfigurations = (
				FDDB391B2B92AF720067961C /* Debug */,
				FDDB391C2B92AF720067961C /* Release */,
			);
			defaultConfigurationIsVisible = 0;
			defaultConfigurationName = Release;
		};
/* End XCConfigurationList section */

/* Begin XCRemoteSwiftPackageReference section */
		FDDB39332B92B47E0067961C /* XCRemoteSwiftPackageReference "firebase-ios-sdk" */ = {
			isa = XCRemoteSwiftPackageReference;
			repositoryURL = "https://github.com/firebase/firebase-ios-sdk";
			requirement = {
				kind = upToNextMajorVersion;
				minimumVersion = 10.21.0;
			};
		};
/* End XCRemoteSwiftPackageReference section */

/* Begin XCSwiftPackageProductDependency section */
		FDDB394A2B92B5950067961C /* FirebaseAuth */ = {
			isa = XCSwiftPackageProductDependency;
			package = FDDB39332B92B47E0067961C /* XCRemoteSwiftPackageReference "firebase-ios-sdk" */;
			productName = FirebaseAuth;
		};
		FDDB394C2B92B59D0067961C /* FirebaseFirestore */ = {
			isa = XCSwiftPackageProductDependency;
			package = FDDB39332B92B47E0067961C /* XCRemoteSwiftPackageReference "firebase-ios-sdk" */;
			productName = FirebaseFirestore;
		};
		FDDB394E2B92B5B40067961C /* FirebaseFirestoreSwift */ = {
			isa = XCSwiftPackageProductDependency;
			package = FDDB39332B92B47E0067961C /* XCRemoteSwiftPackageReference "firebase-ios-sdk" */;
			productName = FirebaseFirestoreSwift;
		};
/* End XCSwiftPackageProductDependency section */
	};
	rootObject = FDDB39042B92AF710067961C /* Project object */;
}
